
Microsoft Visual Studio Solution File, Format Version 12.00
# Visual Studio 15
VisualStudioVersion = 15.0.26730.8
MinimumVisualStudioVersion = 10.0.40219.1
Project("{9A19103F-16F7-4668-BE54-9A1E7A4F7556}") = "Calculator", "Calculator\Calculator.csproj", "{2C7E3899-D563-4C0E-B90E-BF842CDD72C9}"
EndProject
Project("{9A19103F-16F7-4668-BE54-9A1E7A4F7556}") = "Calculator.Add.Interface", "Calculator.Add.Interface\Calculator.Add.Interface.csproj", "{7DC76936-5DAA-41BD-B978-85E0E34EA61B}"
EndProject
Project("{9A19103F-16F7-4668-BE54-9A1E7A4F7556}") = "Calculator.Add.Service", "Calculator.Add.Service\Calculator.Add.Service.csproj", "{ECA89CAA-DB63-4379-BC17-085E9740B9FA}"
EndProject
Project("{9A19103F-16F7-4668-BE54-9A1E7A4F7556}") = "Calculator.Add.Test", "Calculator.Add.Test\Calculator.Add.Test.csproj", "{CFF0C7E0-66FE-4B92-8543-E4E711C8E70E}"
EndProject
Project("{9A19103F-16F7-4668-BE54-9A1E7A4F7556}") = "Calculator.Multiply.Service", "Calculator.Multiply.Service\Calculator.Multiply.Service.csproj", "{EF263F9F-0664-42FE-BCA5-7E284D7DDCC1}"
EndProject
Project("{9A19103F-16F7-4668-BE54-9A1E7A4F7556}") = "Calculator.Multiply.Interface", "Calculator.Multiply.Interface\Calculator.Multiply.Interface.csproj", "{5EB83C3C-3C4E-4C9E-909D-34A261A9A417}"
EndProject
Project("{9A19103F-16F7-4668-BE54-9A1E7A4F7556}") = "Calculator.Multiply.Test", "Calculator.Multiply.Test\Calculator.Multiply.Test.csproj", "{E583187D-8780-4EBE-843D-1CA5E28EE272}"
EndProject
Project("{FAE04EC0-301F-11D3-BF4B-00C04F79EFBC}") = "Calculator.Integration", "Calculator.Integration\Calculator.Integration.csproj", "{963E6F5F-770B-43DB-9AF2-6CBA4F97AFF7}"
EndProject
Global
	GlobalSection(SolutionConfigurationPlatforms) = preSolution
		Debug|Any CPU = Debug|Any CPU
		Release|Any CPU = Release|Any CPU
	EndGlobalSection
	GlobalSection(ProjectConfigurationPlatforms) = postSolution
		{2C7E3899-D563-4C0E-B90E-BF842CDD72C9}.Debug|Any CPU.ActiveCfg = Debug|Any CPU
		{2C7E3899-D563-4C0E-B90E-BF842CDD72C9}.Debug|Any CPU.Build.0 = Debug|Any CPU
		{2C7E3899-D563-4C0E-B90E-BF842CDD72C9}.Release|Any CPU.ActiveCfg = Release|Any CPU
		{2C7E3899-D563-4C0E-B90E-BF842CDD72C9}.Release|Any CPU.Build.0 = Release|Any CPU
		{7DC76936-5DAA-41BD-B978-85E0E34EA61B}.Debug|Any CPU.ActiveCfg = Debug|Any CPU
		{7DC76936-5DAA-41BD-B978-85E0E34EA61B}.Debug|Any CPU.Build.0 = Debug|Any CPU
		{7DC76936-5DAA-41BD-B978-85E0E34EA61B}.Release|Any CPU.ActiveCfg = Release|Any CPU
		{7DC76936-5DAA-41BD-B978-85E0E34EA61B}.Release|Any CPU.Build.0 = Release|Any CPU
		{ECA89CAA-DB63-4379-BC17-085E9740B9FA}.Debug|Any CPU.ActiveCfg = Debug|Any CPU
		{ECA89CAA-DB63-4379-BC17-085E9740B9FA}.Debug|Any CPU.Build.0 = Debug|Any CPU
		{ECA89CAA-DB63-4379-BC17-085E9740B9FA}.Release|Any CPU.ActiveCfg = Release|Any CPU
		{ECA89CAA-DB63-4379-BC17-085E9740B9FA}.Release|Any CPU.Build.0 = Release|Any CPU
		{CFF0C7E0-66FE-4B92-8543-E4E711C8E70E}.Debug|Any CPU.ActiveCfg = Debug|Any CPU
		{CFF0C7E0-66FE-4B92-8543-E4E711C8E70E}.Debug|Any CPU.Build.0 = Debug|Any CPU
		{CFF0C7E0-66FE-4B92-8543-E4E711C8E70E}.Release|Any CPU.ActiveCfg = Release|Any CPU
		{CFF0C7E0-66FE-4B92-8543-E4E711C8E70E}.Release|Any CPU.Build.0 = Release|Any CPU
		{EF263F9F-0664-42FE-BCA5-7E284D7DDCC1}.Debug|Any CPU.ActiveCfg = Debug|Any CPU
		{EF263F9F-0664-42FE-BCA5-7E284D7DDCC1}.Debug|Any CPU.Build.0 = Debug|Any CPU
		{EF263F9F-0664-42FE-BCA5-7E284D7DDCC1}.Release|Any CPU.ActiveCfg = Release|Any CPU
		{EF263F9F-0664-42FE-BCA5-7E284D7DDCC1}.Release|Any CPU.Build.0 = Release|Any CPU
		{5EB83C3C-3C4E-4C9E-909D-34A261A9A417}.Debug|Any CPU.ActiveCfg = Debug|Any CPU
		{5EB83C3C-3C4E-4C9E-909D-34A261A9A417}.Debug|Any CPU.Build.0 = Debug|Any CPU
		{5EB83C3C-3C4E-4C9E-909D-34A261A9A417}.Release|Any CPU.ActiveCfg = Release|Any CPU
		{5EB83C3C-3C4E-4C9E-909D-34A261A9A417}.Release|Any CPU.Build.0 = Release|Any CPU
		{E583187D-8780-4EBE-843D-1CA5E28EE272}.Debug|Any CPU.ActiveCfg = Debug|Any CPU
		{E583187D-8780-4EBE-843D-1CA5E28EE272}.Debug|Any CPU.Build.0 = Debug|Any CPU
		{E583187D-8780-4EBE-843D-1CA5E28EE272}.Release|Any CPU.ActiveCfg = Release|Any CPU
		{E583187D-8780-4EBE-843D-1CA5E28EE272}.Release|Any CPU.Build.0 = Release|Any CPU
		{963E6F5F-770B-43DB-9AF2-6CBA4F97AFF7}.Debug|Any CPU.ActiveCfg = Debug|Any CPU
		{963E6F5F-770B-43DB-9AF2-6CBA4F97AFF7}.Debug|Any CPU.Build.0 = Debug|Any CPU
		{963E6F5F-770B-43DB-9AF2-6CBA4F97AFF7}.Release|Any CPU.ActiveCfg = Release|Any CPU
		{963E6F5F-770B-43DB-9AF2-6CBA4F97AFF7}.Release|Any CPU.Build.0 = Release|Any CPU
	EndGlobalSection
	GlobalSection(SolutionProperties) = preSolution
		HideSolutionNode = FALSE
	EndGlobalSection
	GlobalSection(ExtensibilityGlobals) = postSolution
		SolutionGuid = {22CCF9BB-AEEC-4731-A18C-FCD063471948}
	EndGlobalSection
EndGlobal
